
Microsoft Visual Studio Solution File, Format Version 12.00
# Visual Studio Version 17
VisualStudioVersion = 17.3.32929.385
MinimumVisualStudioVersion = 10.0.40219.1
Project("{FAE04EC0-301F-11D3-BF4B-00C04F79EFBC}") = "ButtonGame", "ButtonGame.csproj", "{9A7CF982-5B03-4DD2-9265-09FC5A1E10DB}"
EndProject
Global
	GlobalSection(SolutionConfigurationPlatforms) = preSolution
		Debug|Any CPU = Debug|Any CPU
		Release|Any CPU = Release|Any CPU
	EndGlobalSection
	GlobalSection(ProjectConfigurationPlatforms) = postSolution
		{9A7CF982-5B03-4DD2-9265-09FC5A1E10DB}.Debug|Any CPU.ActiveCfg = Debug|Any CPU
		{9A7CF982-5B03-4DD2-9265-09FC5A1E10DB}.Debug|Any CPU.Build.0 = Debug|Any CPU
		{9A7CF982-5B03-4DD2-9265-09FC5A1E10DB}.Release|Any CPU.ActiveCfg = Release|Any CPU
		{9A7CF982-5B03-4DD2-9265-09FC5A1E10DB}.Release|Any CPU.Build.0 = Release|Any CPU
	EndGlobalSection
	GlobalSection(SolutionProperties) = preSolution
		HideSolutionNode = FALSE
	EndGlobalSection
	GlobalSection(ExtensibilityGlobals) = postSolution
		SolutionGuid = {B28FD3EE-2985-4172-A83A-70995EE0E6BF}
	EndGlobalSection
EndGlobal
