
Microsoft Visual Studio Solution File, Format Version 12.00
# Visual Studio Version 17
VisualStudioVersion = 17.3.32929.385
MinimumVisualStudioVersion = 10.0.40219.1
Project("{FAE04EC0-301F-11D3-BF4B-00C04F79EFBC}") = "Singleton", "Singleton.csproj", "{A53C0346-7B65-4769-BF91-3A3F7D1807A5}"
EndProject
Global
	GlobalSection(SolutionConfigurationPlatforms) = preSolution
		Debug|Any CPU = Debug|Any CPU
		Release|Any CPU = Release|Any CPU
	EndGlobalSection
	GlobalSection(ProjectConfigurationPlatforms) = postSolution
		{A53C0346-7B65-4769-BF91-3A3F7D1807A5}.Debug|Any CPU.ActiveCfg = Debug|Any CPU
		{A53C0346-7B65-4769-BF91-3A3F7D1807A5}.Debug|Any CPU.Build.0 = Debug|Any CPU
		{A53C0346-7B65-4769-BF91-3A3F7D1807A5}.Release|Any CPU.ActiveCfg = Release|Any CPU
		{A53C0346-7B65-4769-BF91-3A3F7D1807A5}.Release|Any CPU.Build.0 = Release|Any CPU
	EndGlobalSection
	GlobalSection(SolutionProperties) = preSolution
		HideSolutionNode = FALSE
	EndGlobalSection
	GlobalSection(ExtensibilityGlobals) = postSolution
		SolutionGuid = {2F70A99A-02CC-4735-BA53-54EC7FD40E82}
	EndGlobalSection
EndGlobal
